
Microsoft Visual Studio Solution File, Format Version 12.00
# Visual Studio Version 17
VisualStudioVersion = 17.8.34309.116
MinimumVisualStudioVersion = 10.0.40219.1
Project("{9A19103F-16F7-4668-BE54-9A1E7A4F7556}") = "Infrastructure", "Infrastructure\Infrastructure.csproj", "{45B767D8-8F44-4BA0-BAE5-6C79307295F4}"
EndProject
Project("{FAE04EC0-301F-11D3-BF4B-00C04F79EFBC}") = "Presentation.WPF", "Presentation.WPF\Presentation.WPF.csproj", "{767AF471-8EA0-459B-9393-C12E763B59EB}"
EndProject
Global
	GlobalSection(SolutionConfigurationPlatforms) = preSolution
		Debug|Any CPU = Debug|Any CPU
		Release|Any CPU = Release|Any CPU
	EndGlobalSection
	GlobalSection(ProjectConfigurationPlatforms) = postSolution
		{45B767D8-8F44-4BA0-BAE5-6C79307295F4}.Debug|Any CPU.ActiveCfg = Debug|Any CPU
		{45B767D8-8F44-4BA0-BAE5-6C79307295F4}.Debug|Any CPU.Build.0 = Debug|Any CPU
		{45B767D8-8F44-4BA0-BAE5-6C79307295F4}.Release|Any CPU.ActiveCfg = Release|Any CPU
		{45B767D8-8F44-4BA0-BAE5-6C79307295F4}.Release|Any CPU.Build.0 = Release|Any CPU
		{767AF471-8EA0-459B-9393-C12E763B59EB}.Debug|Any CPU.ActiveCfg = Debug|Any CPU
		{767AF471-8EA0-459B-9393-C12E763B59EB}.Debug|Any CPU.Build.0 = Debug|Any CPU
		{767AF471-8EA0-459B-9393-C12E763B59EB}.Release|Any CPU.ActiveCfg = Release|Any CPU
		{767AF471-8EA0-459B-9393-C12E763B59EB}.Release|Any CPU.Build.0 = Release|Any CPU
	EndGlobalSection
	GlobalSection(SolutionProperties) = preSolution
		HideSolutionNode = FALSE
	EndGlobalSection
	GlobalSection(ExtensibilityGlobals) = postSolution
		SolutionGuid = {80F25AF8-4997-4268-AA99-C72D3BA59D65}
	EndGlobalSection
EndGlobal
